
Microsoft Visual Studio Solution File, Format Version 12.00
# Visual Studio Version 16
VisualStudioVersion = 16.0.30804.86
MinimumVisualStudioVersion = 10.0.40219.1
Project("{FAE04EC0-301F-11D3-BF4B-00C04F79EFBC}") = "BowlingLeague", "BowlingLeague.csproj", "{9D3228B9-9659-4679-A988-B39C77398C02}"
EndProject
Global
	GlobalSection(SolutionConfigurationPlatforms) = preSolution
		Debug|Any CPU = Debug|Any CPU
		Release|Any CPU = Release|Any CPU
	EndGlobalSection
	GlobalSection(ProjectConfigurationPlatforms) = postSolution
		{9D3228B9-9659-4679-A988-B39C77398C02}.Debug|Any CPU.ActiveCfg = Debug|Any CPU
		{9D3228B9-9659-4679-A988-B39C77398C02}.Debug|Any CPU.Build.0 = Debug|Any CPU
		{9D3228B9-9659-4679-A988-B39C77398C02}.Release|Any CPU.ActiveCfg = Release|Any CPU
		{9D3228B9-9659-4679-A988-B39C77398C02}.Release|Any CPU.Build.0 = Release|Any CPU
	EndGlobalSection
	GlobalSection(SolutionProperties) = preSolution
		HideSolutionNode = FALSE
	EndGlobalSection
	GlobalSection(ExtensibilityGlobals) = postSolution
		SolutionGuid = {DD2B4B1C-67FB-4E85-BFC8-19A0B553F503}
	EndGlobalSection
EndGlobal
